
Microsoft Visual Studio Solution File, Format Version 12.00
# Visual Studio Version 17
VisualStudioVersion = 17.8.34330.188
MinimumVisualStudioVersion = 10.0.40219.1
Project("{FAE04EC0-301F-11D3-BF4B-00C04F79EFBC}") = "Lab.11.kruchinina", "Lab.11.kruchinina\Lab.11.kruchinina.csproj", "{FF8EE38D-AB68-4530-B003-237D5EA76817}"
EndProject
Global
	GlobalSection(SolutionConfigurationPlatforms) = preSolution
		Debug|Any CPU = Debug|Any CPU
		Release|Any CPU = Release|Any CPU
	EndGlobalSection
	GlobalSection(ProjectConfigurationPlatforms) = postSolution
		{FF8EE38D-AB68-4530-B003-237D5EA76817}.Debug|Any CPU.ActiveCfg = Debug|Any CPU
		{FF8EE38D-AB68-4530-B003-237D5EA76817}.Debug|Any CPU.Build.0 = Debug|Any CPU
		{FF8EE38D-AB68-4530-B003-237D5EA76817}.Release|Any CPU.ActiveCfg = Release|Any CPU
		{FF8EE38D-AB68-4530-B003-237D5EA76817}.Release|Any CPU.Build.0 = Release|Any CPU
	EndGlobalSection
	GlobalSection(SolutionProperties) = preSolution
		HideSolutionNode = FALSE
	EndGlobalSection
	GlobalSection(ExtensibilityGlobals) = postSolution
		SolutionGuid = {FD6795DC-817F-4948-830F-0C8146705DC9}
	EndGlobalSection
EndGlobal
